Microsoft Visual Studio Solution File, Format Version 12.00
# Visual Studio Version 17
VisualStudioVersion = 18.0
MinimumVisualStudioVersion = 10.0.40219.1
Project("{8BC9CEB8-8B4A-11D0-8D11-00A0C91BC942}") = "Engine", "Engine\Engine.vcxproj", "{B12702AD-ABFB-343A-A199-8E24837244A3}"
EndProject

Project("{8BC9CEB8-8B4A-11D0-8D11-00A0C91BC942}") = "BasicRenderingSample", "samples\BasicRendering\BasicRenderingSample.vcxproj", "{A1000001-F44F-4478-BDAE-6634EFC2CA01}"
	ProjectSection(ProjectDependencies) = postProject
		{B12702AD-ABFB-343A-A199-8E24837244A3} = {B12702AD-ABFB-343A-A199-8E24837244A3}
	EndProjectSection
EndProject
Project("{8BC9CEB8-8B4A-11D0-8D11-00A0C91BC942}") = "LightingSample", "samples\Lighting\LightingSample.vcxproj", "{A1000002-F44F-4478-BDAE-6634EFC2CA02}"
	ProjectSection(ProjectDependencies) = postProject
		{B12702AD-ABFB-343A-A199-8E24837244A3} = {B12702AD-ABFB-343A-A199-8E24837244A3}
	EndProjectSection
EndProject
Project("{8BC9CEB8-8B4A-11D0-8D11-00A0C91BC942}") = "PBRSample", "samples\PBR\PBRSample.vcxproj", "{A1000003-F44F-4478-BDAE-6634EFC2CA03}"
	ProjectSection(ProjectDependencies) = postProject
		{B12702AD-ABFB-343A-A199-8E24837244A3} = {B12702AD-ABFB-343A-A199-8E24837244A3}
	EndProjectSection
EndProject
Project("{8BC9CEB8-8B4A-11D0-8D11-00A0C91BC942}") = "PostProcessingSample", "samples\PostProcessing\PostProcessingSample.vcxproj", "{A1000004-F44F-4478-BDAE-6634EFC2CA04}"
	ProjectSection(ProjectDependencies) = postProject
		{B12702AD-ABFB-343A-A199-8E24837244A3} = {B12702AD-ABFB-343A-A199-8E24837244A3}
	EndProjectSection
EndProject
Project("{8BC9CEB8-8B4A-11D0-8D11-00A0C91BC942}") = "TerrainSample", "samples\Terrain\TerrainSample.vcxproj", "{A1000005-F44F-4478-BDAE-6634EFC2CA05}"
	ProjectSection(ProjectDependencies) = postProject
		{B12702AD-ABFB-343A-A199-8E24837244A3} = {B12702AD-ABFB-343A-A199-8E24837244A3}
	EndProjectSection
EndProject
Project("{8BC9CEB8-8B4A-11D0-8D11-00A0C91BC942}") = "WaterSample", "samples\Water\WaterSample.vcxproj", "{A1000006-F44F-4478-BDAE-6634EFC2CA06}"
	ProjectSection(ProjectDependencies) = postProject
		{B12702AD-ABFB-343A-A199-8E24837244A3} = {B12702AD-ABFB-343A-A199-8E24837244A3}
	EndProjectSection
EndProject
Project("{8BC9CEB8-8B4A-11D0-8D11-00A0C91BC942}") = "SkySample", "samples\Sky\SkySample.vcxproj", "{A1000007-F44F-4478-BDAE-6634EFC2CA07}"
	ProjectSection(ProjectDependencies) = postProject
		{B12702AD-ABFB-343A-A199-8E24837244A3} = {B12702AD-ABFB-343A-A199-8E24837244A3}
	EndProjectSection
EndProject
Project("{8BC9CEB8-8B4A-11D0-8D11-00A0C91BC942}") = "ParticlesSample", "samples\Particles\ParticlesSample.vcxproj", "{A1000008-F44F-4478-BDAE-6634EFC2CA08}"
	ProjectSection(ProjectDependencies) = postProject
		{B12702AD-ABFB-343A-A199-8E24837244A3} = {B12702AD-ABFB-343A-A199-8E24837244A3}
	EndProjectSection
EndProject
Project("{8BC9CEB8-8B4A-11D0-8D11-00A0C91BC942}") = "SkeletalMeshSample", "samples\SkeletalMesh\SkeletalMeshSample.vcxproj", "{A1000009-F44F-4478-BDAE-6634EFC2CA09}"
	ProjectSection(ProjectDependencies) = postProject
		{B12702AD-ABFB-343A-A199-8E24837244A3} = {B12702AD-ABFB-343A-A199-8E24837244A3}
	EndProjectSection
EndProject
Project("{8BC9CEB8-8B4A-11D0-8D11-00A0C91BC942}") = "GameplaySample", "samples\Gameplay\GameplaySample.vcxproj", "{A1000010-F44F-4478-BDAE-6634EFC2CA10}"
	ProjectSection(ProjectDependencies) = postProject
		{B12702AD-ABFB-343A-A199-8E24837244A3} = {B12702AD-ABFB-343A-A199-8E24837244A3}
	EndProjectSection
EndProject
Project("{8BC9CEB8-8B4A-11D0-8D11-00A0C91BC942}") = "PhysicsSample", "samples\Physics\PhysicsSample.vcxproj", "{A1000011-F44F-4478-BDAE-6634EFC2CA11}"
	ProjectSection(ProjectDependencies) = postProject
		{B12702AD-ABFB-343A-A199-8E24837244A3} = {B12702AD-ABFB-343A-A199-8E24837244A3}
	EndProjectSection
EndProject
Project("{8BC9CEB8-8B4A-11D0-8D11-00A0C91BC942}") = "UISample", "samples\UI\UISample.vcxproj", "{A1000012-F44F-4478-BDAE-6634EFC2CA12}"
	ProjectSection(ProjectDependencies) = postProject
		{B12702AD-ABFB-343A-A199-8E24837244A3} = {B12702AD-ABFB-343A-A199-8E24837244A3}
	EndProjectSection
EndProject
Project("{8BC9CEB8-8B4A-11D0-8D11-00A0C91BC942}") = "LayoutSample", "samples\UI\Layout\LayoutSample.vcxproj", "{A1000013-F44F-4478-BDAE-6634EFC2CA13}"
	ProjectSection(ProjectDependencies) = postProject
		{B12702AD-ABFB-343A-A199-8E24837244A3} = {B12702AD-ABFB-343A-A199-8E24837244A3}
	EndProjectSection
EndProject
Project("{8BC9CEB8-8B4A-11D0-8D11-00A0C91BC942}") = "EngineInterop", "Editor\EngineInterop\EngineInterop.vcxproj", "{A1B2C3D4-E5F6-7890-ABCD-EF1234567890}"
	ProjectSection(ProjectDependencies) = postProject
		{B12702AD-ABFB-343A-A199-8E24837244A3} = {B12702AD-ABFB-343A-A199-8E24837244A3}
	EndProjectSection
EndProject
Project("{9A19103F-16F7-4668-BE54-9A1E7A4F7556}") = "KojeomEditor", "Editor\KojeomEditor\KojeomEditor.csproj", "{B2C3D4E5-F6A7-8901-BCDE-F12345678901}"
EndProject
Project("{8BC9CEB8-8B4A-11D0-8D11-00A0C91BC942}") = "AnimationStateMachineSample", "samples\AnimationStateMachine\AnimationStateMachineSample.vcxproj", "{A100000A-F44F-4478-BDAE-6634EFC2CA01}"
	ProjectSection(ProjectDependencies) = postProject
		{B12702AD-ABFB-343A-A199-8E24837244A3} = {B12702AD-ABFB-343A-A199-8E24837244A3}
	EndProjectSection
EndProject
Project("{8BC9CEB8-8B4A-11D0-8D11-00A0C91BC942}") = "LODSample", "samples\LOD\LODSample.vcxproj", "{A1000015-F44F-4478-BDAE-6634EFC2CA15}"
	ProjectSection(ProjectDependencies) = postProject
		{B12702AD-ABFB-343A-A199-8E24837244A3} = {B12702AD-ABFB-343A-A199-8E24837244A3}
	EndProjectSection
EndProject
Project("{8BC9CEB8-8B4A-11D0-8D11-00A0C91BC942}") = "DebugRenderingSample", "samples\DebugRendering\DebugRenderingSample.vcxproj", "{A100001A-F44F-4478-BDAE-6634EFC2CA1A}"
	ProjectSection(ProjectDependencies) = postProject
		{B12702AD-ABFB-343A-A199-8E24837244A3} = {B12702AD-ABFB-343A-A199-8E24837244A3}
	EndProjectSection
EndProject
Global
	GlobalSection(SolutionConfigurationPlatforms) = preSolution
		Debug|x64 = Debug|x64
		Release|x64 = Release|x64
	EndGlobalSection
	GlobalSection(ProjectConfigurationPlatforms) = postSolution
		{B12702AD-ABFB-343A-A199-8E24837244A3}.Debug|x64.ActiveCfg = Debug|x64
		{B12702AD-ABFB-343A-A199-8E24837244A3}.Debug|x64.Build.0 = Debug|x64
		{B12702AD-ABFB-343A-A199-8E24837244A3}.Release|x64.ActiveCfg = Release|x64
		{B12702AD-ABFB-343A-A199-8E24837244A3}.Release|x64.Build.0 = Release|x64
		{A1000001-F44F-4478-BDAE-6634EFC2CA01}.Debug|x64.ActiveCfg = Debug|x64
		{A1000001-F44F-4478-BDAE-6634EFC2CA01}.Debug|x64.Build.0 = Debug|x64
		{A1000001-F44F-4478-BDAE-6634EFC2CA01}.Release|x64.ActiveCfg = Release|x64
		{A1000001-F44F-4478-BDAE-6634EFC2CA01}.Release|x64.Build.0 = Release|x64
		{A1000002-F44F-4478-BDAE-6634EFC2CA02}.Debug|x64.ActiveCfg = Debug|x64
		{A1000002-F44F-4478-BDAE-6634EFC2CA02}.Debug|x64.Build.0 = Debug|x64
		{A1000002-F44F-4478-BDAE-6634EFC2CA02}.Release|x64.ActiveCfg = Release|x64
		{A1000002-F44F-4478-BDAE-6634EFC2CA02}.Release|x64.Build.0 = Release|x64
		{A1000003-F44F-4478-BDAE-6634EFC2CA03}.Debug|x64.ActiveCfg = Debug|x64
		{A1000003-F44F-4478-BDAE-6634EFC2CA03}.Debug|x64.Build.0 = Debug|x64
		{A1000003-F44F-4478-BDAE-6634EFC2CA03}.Release|x64.ActiveCfg = Release|x64
		{A1000003-F44F-4478-BDAE-6634EFC2CA03}.Release|x64.Build.0 = Release|x64
		{A1000004-F44F-4478-BDAE-6634EFC2CA04}.Debug|x64.ActiveCfg = Debug|x64
		{A1000004-F44F-4478-BDAE-6634EFC2CA04}.Debug|x64.Build.0 = Debug|x64
		{A1000004-F44F-4478-BDAE-6634EFC2CA04}.Release|x64.ActiveCfg = Release|x64
		{A1000004-F44F-4478-BDAE-6634EFC2CA04}.Release|x64.Build.0 = Release|x64
		{A1000005-F44F-4478-BDAE-6634EFC2CA05}.Debug|x64.ActiveCfg = Debug|x64
		{A1000005-F44F-4478-BDAE-6634EFC2CA05}.Debug|x64.Build.0 = Debug|x64
		{A1000005-F44F-4478-BDAE-6634EFC2CA05}.Release|x64.ActiveCfg = Release|x64
		{A1000005-F44F-4478-BDAE-6634EFC2CA05}.Release|x64.Build.0 = Release|x64
		{A1000006-F44F-4478-BDAE-6634EFC2CA06}.Debug|x64.ActiveCfg = Debug|x64
		{A1000006-F44F-4478-BDAE-6634EFC2CA06}.Debug|x64.Build.0 = Debug|x64
		{A1000006-F44F-4478-BDAE-6634EFC2CA06}.Release|x64.ActiveCfg = Release|x64
		{A1000006-F44F-4478-BDAE-6634EFC2CA06}.Release|x64.Build.0 = Release|x64
		{A1000007-F44F-4478-BDAE-6634EFC2CA07}.Debug|x64.ActiveCfg = Debug|x64
		{A1000007-F44F-4478-BDAE-6634EFC2CA07}.Debug|x64.Build.0 = Debug|x64
		{A1000007-F44F-4478-BDAE-6634EFC2CA07}.Release|x64.ActiveCfg = Release|x64
		{A1000007-F44F-4478-BDAE-6634EFC2CA07}.Release|x64.Build.0 = Release|x64
		{A1000008-F44F-4478-BDAE-6634EFC2CA08}.Debug|x64.ActiveCfg = Debug|x64
		{A1000008-F44F-4478-BDAE-6634EFC2CA08}.Debug|x64.Build.0 = Debug|x64
		{A1000008-F44F-4478-BDAE-6634EFC2CA08}.Release|x64.ActiveCfg = Release|x64
		{A1000008-F44F-4478-BDAE-6634EFC2CA08}.Release|x64.Build.0 = Release|x64
		{A1000009-F44F-4478-BDAE-6634EFC2CA09}.Debug|x64.ActiveCfg = Debug|x64
		{A1000009-F44F-4478-BDAE-6634EFC2CA09}.Debug|x64.Build.0 = Debug|x64
		{A1000009-F44F-4478-BDAE-6634EFC2CA09}.Release|x64.ActiveCfg = Release|x64
		{A1000009-F44F-4478-BDAE-6634EFC2CA09}.Release|x64.Build.0 = Release|x64
		{A1000010-F44F-4478-BDAE-6634EFC2CA10}.Debug|x64.ActiveCfg = Debug|x64
		{A1000010-F44F-4478-BDAE-6634EFC2CA10}.Debug|x64.Build.0 = Debug|x64
		{A1000010-F44F-4478-BDAE-6634EFC2CA10}.Release|x64.ActiveCfg = Release|x64
		{A1000010-F44F-4478-BDAE-6634EFC2CA10}.Release|x64.Build.0 = Release|x64
		{A1000011-F44F-4478-BDAE-6634EFC2CA11}.Debug|x64.ActiveCfg = Debug|x64
		{A1000011-F44F-4478-BDAE-6634EFC2CA11}.Debug|x64.Build.0 = Debug|x64
		{A1000011-F44F-4478-BDAE-6634EFC2CA11}.Release|x64.ActiveCfg = Release|x64
		{A1000011-F44F-4478-BDAE-6634EFC2CA11}.Release|x64.Build.0 = Release|x64
		{A1000012-F44F-4478-BDAE-6634EFC2CA12}.Debug|x64.ActiveCfg = Debug|x64
		{A1000012-F44F-4478-BDAE-6634EFC2CA12}.Debug|x64.Build.0 = Debug|x64
		{A1000012-F44F-4478-BDAE-6634EFC2CA12}.Release|x64.ActiveCfg = Release|x64
		{A1000012-F44F-4478-BDAE-6634EFC2CA12}.Release|x64.Build.0 = Release|x64
		{A1000013-F44F-4478-BDAE-6634EFC2CA13}.Debug|x64.ActiveCfg = Debug|x64
		{A1000013-F44F-4478-BDAE-6634EFC2CA13}.Debug|x64.Build.0 = Debug|x64
		{A1000013-F44F-4478-BDAE-6634EFC2CA13}.Release|x64.ActiveCfg = Release|x64
		{A1000013-F44F-4478-BDAE-6634EFC2CA13}.Release|x64.Build.0 = Release|x64
		{A1B2C3D4-E5F6-7890-ABCD-EF1234567890}.Debug|x64.ActiveCfg = Debug|x64
		{A1B2C3D4-E5F6-7890-ABCD-EF1234567890}.Debug|x64.Build.0 = Debug|x64
		{A1B2C3D4-E5F6-7890-ABCD-EF1234567890}.Release|x64.ActiveCfg = Release|x64
	{A1B2C3D4-E5F6-7890-ABCD-EF1234567890}.Release|x64.Build.0 = Release|x64
		{A100000A-F44F-4478-BDAE-6634EFC2CA01}.Debug|x64.ActiveCfg = Debug|x64
		{A100000A-F44F-4478-BDAE-6634EFC2CA01}.Debug|x64.Build.0 = Debug|x64
		{A100000A-F44F-4478-BDAE-6634EFC2CA01}.Release|x64.ActiveCfg = Release|x64
		{A100000A-F44F-4478-BDAE-6634EFC2CA01}.Release|x64.Build.0 = Release|x64
		{A1000015-F44F-4478-BDAE-6634EFC2CA15}.Debug|x64.ActiveCfg = Debug|x64
		{A1000015-F44F-4478-BDAE-6634EFC2CA15}.Debug|x64.Build.0 = Debug|x64
		{A1000015-F44F-4478-BDAE-6634EFC2CA15}.Release|x64.ActiveCfg = Release|x64
		{A1000015-F44F-4478-BDAE-6634EFC2CA15}.Release|x64.Build.0 = Release|x64
		{A100001A-F44F-4478-BDAE-6634EFC2CA1A}.Debug|x64.ActiveCfg = Debug|x64
		{A100001A-F44F-4478-BDAE-6634EFC2CA1A}.Debug|x64.Build.0 = Debug|x64
		{A100001A-F44F-4478-BDAE-6634EFC2CA1A}.Release|x64.ActiveCfg = Release|x64
		{A100001A-F44F-4478-BDAE-6634EFC2CA1A}.Release|x64.Build.0 = Release|x64
	EndGlobalSection
	GlobalSection(SolutionProperties) = preSolution
		HideSolutionNode = FALSE
	EndGlobalSection
	GlobalSection(ExtensibilityGlobals) = postSolution
		SolutionGuid = {2150E333-8FDC-42A3-9474-1A3956D46DE8}
	EndGlobalSection
EndGlobal
